
Microsoft Visual Studio Solution File, Format Version 12.00
# Visual Studio Version 17
VisualStudioVersion = 17.13.35931.197 d17.13
MinimumVisualStudioVersion = 10.0.40219.1
Project("{D954291E-2A0B-460D-934E-DC6B0785DB48}") = "ex_1", "ex_1\ex_1.shproj", "{4E4856CD-44F6-46C4-92E6-F2E3D050AAB4}"
EndProject
Global
	GlobalSection(SolutionProperties) = preSolution
		HideSolutionNode = FALSE
	EndGlobalSection
	GlobalSection(ExtensibilityGlobals) = postSolution
		SolutionGuid = {6CA99F57-2561-43D7-82EB-83A4ECE20341}
	EndGlobalSection
	GlobalSection(SharedMSBuildProjectFiles) = preSolution
		ex_1\ex_1.projitems*{4e4856cd-44f6-46c4-92e6-f2e3d050aab4}*SharedItemsImports = 13
	EndGlobalSection
EndGlobal
